{
  "nodes": {
    "home-manager": {
      "inputs": {
        "nixpkgs": [
          "nixpkgs"
        ]
      },
      "locked": {
        "lastModified": 1752402455,
        "narHash": "sha256-mCHfZhQKdTj2JhCFcqfOfa3uKZbwUkPQbd0/zPnhOE8=",
        "owner": "nix-community",
        "repo": "home-manager",
        "rev": "bf893ad4cbf46610dd1b620c974f824e266cd1df",
        "type": "github"
      },
      "original": {
        "owner": "nix-community",
        "repo": "home-manager",
        "type": "github"
      }
    },
    "nix-ld": {
      "inputs": {
        "nixpkgs": [
          "nixpkgs"
        ]
      },
      "locked": {
        "lastModified": 1751884438,
        "narHash": "sha256-rPWdcXehRmaX/Rb1Rl8rgQ7wKVXh5qPDFqAUyNgwuCs=",
        "owner": "Mic92",
        "repo": "nix-ld",
        "rev": "78bcf7abb583f1dff3ef84159b1d9d49a1cfd547",
        "type": "github"
      },
      "original": {
        "owner": "Mic92",
        "repo": "nix-ld",
        "type": "github"
      }
    },
    "nixpkgs": {
      "locked": {
        "lastModified": 1751984180,
        "narHash": "sha256-LwWRsENAZJKUdD3SpLluwDmdXY9F45ZEgCb0X+xgOL0=",
        "owner": "NixOS",
        "repo": "nixpkgs",
        "rev": "9807714d6944a957c2e036f84b0ff8caf9930bc0",
        "type": "github"
      },
      "original": {
        "owner": "NixOS",
        "ref": "nixos-unstable",
        "repo": "nixpkgs",
        "type": "github"
      }
    },
    "root": {
      "inputs": {
        "home-manager": "home-manager",
        "nix-ld": "nix-ld",
        "nixpkgs": "nixpkgs",
        "ultimate-hosts-blacklist": "ultimate-hosts-blacklist"
      }
    },
    "ultimate-hosts-blacklist": {
      "flake": false,
      "locked": {
        "lastModified": 1752437018,
        "narHash": "sha256-OYK2R9odg8xxjvfANC+Bt5UdIOHep623BHDoK2v9+zk=",
        "owner": "Ultimate-Hosts-Blacklist",
        "repo": "Ultimate.Hosts.Blacklist",
        "rev": "add703603e9d088618727a920b689fa9046872c6",
        "type": "github"
      },
      "original": {
        "owner": "Ultimate-Hosts-Blacklist",
        "repo": "Ultimate.Hosts.Blacklist",
        "type": "github"
      }
    }
  },
  "root": "root",
  "version": 7
}
