{
  "nodes": {
    "home-manager": {
      "inputs": {
        "nixpkgs": [
          "nixpkgs"
        ]
      },
      "locked": {
        "lastModified": 1734344598,
        "narHash": "sha256-wNX3hsScqDdqKWOO87wETUEi7a/QlPVgpC/Lh5rFOuA=",
        "owner": "nix-community",
        "repo": "home-manager",
        "rev": "83ecd50915a09dca928971139d3a102377a8d242",
        "type": "github"
      },
      "original": {
        "owner": "nix-community",
        "repo": "home-manager",
        "type": "github"
      }
    },
    "nix-ld": {
      "inputs": {
        "nixpkgs": [
          "nixpkgs"
        ]
      },
      "locked": {
        "lastModified": 1734338723,
        "narHash": "sha256-BpJs2QnVwdE4Btsx2BcBmdsq86H7QJYv2GmoOkr1ii4=",
        "owner": "Mic92",
        "repo": "nix-ld",
        "rev": "911665df070e3d6c970e5a248fc4a38550bd5689",
        "type": "github"
      },
      "original": {
        "owner": "Mic92",
        "repo": "nix-ld",
        "type": "github"
      }
    },
    "nixpkgs": {
      "locked": {
        "lastModified": 1734119587,
        "narHash": "sha256-AKU6qqskl0yf2+JdRdD0cfxX4b9x3KKV5RqA6wijmPM=",
        "owner": "NixOS",
        "repo": "nixpkgs",
        "rev": "3566ab7246670a43abd2ffa913cc62dad9cdf7d5",
        "type": "github"
      },
      "original": {
        "owner": "NixOS",
        "ref": "nixos-unstable",
        "repo": "nixpkgs",
        "type": "github"
      }
    },
    "root": {
      "inputs": {
        "home-manager": "home-manager",
        "nix-ld": "nix-ld",
        "nixpkgs": "nixpkgs",
        "ultimate-hosts-blacklist": "ultimate-hosts-blacklist"
      }
    },
    "ultimate-hosts-blacklist": {
      "flake": false,
      "locked": {
        "lastModified": 1734376141,
        "narHash": "sha256-72MBe5ms6vlmfpUiirPcJ52fIdGfqSyadphTQ94k7WU=",
        "owner": "Ultimate-Hosts-Blacklist",
        "repo": "Ultimate.Hosts.Blacklist",
        "rev": "d3eba7d8e907637758e06b8f7679598a34e784ff",
        "type": "github"
      },
      "original": {
        "owner": "Ultimate-Hosts-Blacklist",
        "repo": "Ultimate.Hosts.Blacklist",
        "type": "github"
      }
    }
  },
  "root": "root",
  "version": 7
}
