{
  "nodes": {
    "home-manager": {
      "inputs": {
        "nixpkgs": [
          "nixpkgs"
        ]
      },
      "locked": {
        "lastModified": 1737480538,
        "narHash": "sha256-rk/cmrvq3In0TegW9qaAxw+5YpJhRWt2p74/6JStrw0=",
        "owner": "nix-community",
        "repo": "home-manager",
        "rev": "4481a16d1ac5bff4a77c608cefe08c9b9efe840d",
        "type": "github"
      },
      "original": {
        "owner": "nix-community",
        "repo": "home-manager",
        "type": "github"
      }
    },
    "nix-ld": {
      "inputs": {
        "nixpkgs": [
          "nixpkgs"
        ]
      },
      "locked": {
        "lastModified": 1737361468,
        "narHash": "sha256-+CtIrQZ22MOAOHcpg1zbhX/fVkmEc8A8lYVpXAbXElQ=",
        "owner": "Mic92",
        "repo": "nix-ld",
        "rev": "7f15f8622b63b907fef137689f4528a9447d9377",
        "type": "github"
      },
      "original": {
        "owner": "Mic92",
        "repo": "nix-ld",
        "type": "github"
      }
    },
    "nixpkgs": {
      "locked": {
        "lastModified": 1737062831,
        "narHash": "sha256-Tbk1MZbtV2s5aG+iM99U8FqwxU/YNArMcWAv6clcsBc=",
        "owner": "NixOS",
        "repo": "nixpkgs",
        "rev": "5df43628fdf08d642be8ba5b3625a6c70731c19c",
        "type": "github"
      },
      "original": {
        "owner": "NixOS",
        "ref": "nixos-unstable",
        "repo": "nixpkgs",
        "type": "github"
      }
    },
    "root": {
      "inputs": {
        "home-manager": "home-manager",
        "nix-ld": "nix-ld",
        "nixpkgs": "nixpkgs",
        "ultimate-hosts-blacklist": "ultimate-hosts-blacklist"
      }
    },
    "ultimate-hosts-blacklist": {
      "flake": false,
      "locked": {
        "lastModified": 1737485594,
        "narHash": "sha256-kf15jctPayLaBmk7W0BS68QGfNsdYHWeqwuRSZHAQkI=",
        "owner": "Ultimate-Hosts-Blacklist",
        "repo": "Ultimate.Hosts.Blacklist",
        "rev": "97f3586882ad86f29ad0bd410bf7415d87b036fe",
        "type": "github"
      },
      "original": {
        "owner": "Ultimate-Hosts-Blacklist",
        "repo": "Ultimate.Hosts.Blacklist",
        "type": "github"
      }
    }
  },
  "root": "root",
  "version": 7
}
